
Microsoft Visual Studio Solution File, Format Version 12.00
# Visual Studio 15
VisualStudioVersion = 15.0.28307.1525
MinimumVisualStudioVersion = 10.0.40219.1
Project("{159641D6-6404-4A2A-AE62-294DE0FE8301}") = "Client_Test", "Client_Test\Client_Test.dtproj", "{844FC37C-8C2C-474B-A255-4F0AD5295DB0}"
EndProject
Global
	GlobalSection(SolutionConfigurationPlatforms) = preSolution
		Development|Default = Development|Default
	EndGlobalSection
	GlobalSection(ProjectConfigurationPlatforms) = postSolution
		{844FC37C-8C2C-474B-A255-4F0AD5295DB0}.Development|Default.ActiveCfg = Development
		{844FC37C-8C2C-474B-A255-4F0AD5295DB0}.Development|Default.Build.0 = Development
	EndGlobalSection
	GlobalSection(SolutionProperties) = preSolution
		HideSolutionNode = FALSE
	EndGlobalSection
	GlobalSection(ExtensibilityGlobals) = postSolution
		SolutionGuid = {39819E67-0427-4D55-B8E7-AE9DFE19D3B5}
	EndGlobalSection
EndGlobal
